
Microsoft Visual Studio Solution File, Format Version 12.00
# Visual Studio Version 17
Project("{2150E333-8FDC-42A3-9474-1A3956D46DE8}") = "CMakePredefinedTargets", "CMakePredefinedTargets", "{BB61B958-14A3-3E56-B311-BC6454E32C61}"
EndProject
Project("{2150E333-8FDC-42A3-9474-1A3956D46DE8}") = "CTestDashboardTargets", "CTestDashboardTargets", "{0F29EE4B-3C1D-3573-B237-9C6F05B7B311}"
EndProject
Project("{2150E333-8FDC-42A3-9474-1A3956D46DE8}") = "GLFW3", "GLFW3", "{958FA05D-16FB-3F5A-9621-87CFB5A34EA6}"
EndProject
Project("{8BC9CEB8-8B4A-11D0-8D11-00A0C91BC942}") = "ALL_BUILD", "ALL_BUILD.vcxproj", "{8A1E8D5C-B207-3ECD-8867-0F049504C571}"
	ProjectSection(ProjectDependencies) = postProject
		{8C875300-5B6F-3C29-9A80-D8EF8CA1E3F1} = {8C875300-5B6F-3C29-9A80-D8EF8CA1E3F1}
		{CBC81DB4-84A6-36D3-A87C-C90AF7AC08D9} = {CBC81DB4-84A6-36D3-A87C-C90AF7AC08D9}
		{AFCB1BA0-13D2-3A27-A426-9FECFC07ACA6} = {AFCB1BA0-13D2-3A27-A426-9FECFC07ACA6}
		{BE3C9628-41E3-37DB-8D18-526221308D4E} = {BE3C9628-41E3-37DB-8D18-526221308D4E}
		{DAC6F74B-DC05-3BBB-B578-2449D91106CD} = {DAC6F74B-DC05-3BBB-B578-2449D91106CD}
		{8774C776-D176-3E68-81AE-26EB25FE5140} = {8774C776-D176-3E68-81AE-26EB25FE5140}
		{3ABC464D-DD56-32AF-802C-C0BC90D2C3A6} = {3ABC464D-DD56-32AF-802C-C0BC90D2C3A6}
		{8AC611A9-DA95-38DC-B232-FAA00B9F388C} = {8AC611A9-DA95-38DC-B232-FAA00B9F388C}
		{A61DCAF4-FFF0-36F6-A805-A720D3F57CB1} = {A61DCAF4-FFF0-36F6-A805-A720D3F57CB1}
		{FC73B157-6BD1-3EFA-87AB-072741EF5498} = {FC73B157-6BD1-3EFA-87AB-072741EF5498}
		{8FC0AED8-CEDC-3694-98F4-791569DCD655} = {8FC0AED8-CEDC-3694-98F4-791569DCD655}
		{B6BAA8D1-53BE-3E27-B0BA-2DE2202EA393} = {B6BAA8D1-53BE-3E27-B0BA-2DE2202EA393}
		{75725CD0-F607-39F8-8B1B-EF885FAA5862} = {75725CD0-F607-39F8-8B1B-EF885FAA5862}
		{521FBB70-5B8C-3A91-8EC0-5651AEC9B96C} = {521FBB70-5B8C-3A91-8EC0-5651AEC9B96C}
		{AEF90912-7FC5-3FD5-A593-135B33C67BF8} = {AEF90912-7FC5-3FD5-A593-135B33C67BF8}
		{4BDAC5C3-8793-36DA-9BCB-4ACE5D622621} = {4BDAC5C3-8793-36DA-9BCB-4ACE5D622621}
		{B3991F7E-857F-39E1-BD3C-9718F67FFF23} = {B3991F7E-857F-39E1-BD3C-9718F67FFF23}
		{FAAADFBB-370F-3DE4-BE76-84173061B37D} = {FAAADFBB-370F-3DE4-BE76-84173061B37D}
		{BE0CE3BB-ED16-3693-9AC9-2B5DD85F56E3} = {BE0CE3BB-ED16-3693-9AC9-2B5DD85F56E3}
		{44EF7FC1-A9B0-3177-9E87-D7596D0667DD} = {44EF7FC1-A9B0-3177-9E87-D7596D0667DD}
		{6CCD6513-FD6C-3CE0-85F5-341A1A165307} = {6CCD6513-FD6C-3CE0-85F5-341A1A165307}
		{CA9A8600-7D6D-3FC8-ACEF-3EB9EDB4B371} = {CA9A8600-7D6D-3FC8-ACEF-3EB9EDB4B371}
	EndProjectSection
EndProject
Project("{8BC9CEB8-8B4A-11D0-8D11-00A0C91BC942}") = "A-Ray", "A-Ray\A-Ray.vcxproj", "{8C875300-5B6F-3C29-9A80-D8EF8CA1E3F1}"
	ProjectSection(ProjectDependencies) = postProject
		{AFCB1BA0-13D2-3A27-A426-9FECFC07ACA6} = {AFCB1BA0-13D2-3A27-A426-9FECFC07ACA6}
		{BE3C9628-41E3-37DB-8D18-526221308D4E} = {BE3C9628-41E3-37DB-8D18-526221308D4E}
		{DAC6F74B-DC05-3BBB-B578-2449D91106CD} = {DAC6F74B-DC05-3BBB-B578-2449D91106CD}
		{3ABC464D-DD56-32AF-802C-C0BC90D2C3A6} = {3ABC464D-DD56-32AF-802C-C0BC90D2C3A6}
		{FC73B157-6BD1-3EFA-87AB-072741EF5498} = {FC73B157-6BD1-3EFA-87AB-072741EF5498}
		{8FC0AED8-CEDC-3694-98F4-791569DCD655} = {8FC0AED8-CEDC-3694-98F4-791569DCD655}
		{B3991F7E-857F-39E1-BD3C-9718F67FFF23} = {B3991F7E-857F-39E1-BD3C-9718F67FFF23}
		{CA9A8600-7D6D-3FC8-ACEF-3EB9EDB4B371} = {CA9A8600-7D6D-3FC8-ACEF-3EB9EDB4B371}
	EndProjectSection
EndProject
Project("{8BC9CEB8-8B4A-11D0-8D11-00A0C91BC942}") = "Continuous", "third_party\ktx\Continuous.vcxproj", "{B0FDD2B0-FF19-3599-AA9C-EF53E7B0695E}"
	ProjectSection(ProjectDependencies) = postProject
		{AFCB1BA0-13D2-3A27-A426-9FECFC07ACA6} = {AFCB1BA0-13D2-3A27-A426-9FECFC07ACA6}
	EndProjectSection
EndProject
Project("{8BC9CEB8-8B4A-11D0-8D11-00A0C91BC942}") = "Experimental", "third_party\ktx\Experimental.vcxproj", "{AFB4463B-9056-3EA6-AB73-6F46E1EDE616}"
	ProjectSection(ProjectDependencies) = postProject
		{AFCB1BA0-13D2-3A27-A426-9FECFC07ACA6} = {AFCB1BA0-13D2-3A27-A426-9FECFC07ACA6}
	EndProjectSection
EndProject
Project("{8BC9CEB8-8B4A-11D0-8D11-00A0C91BC942}") = "INSTALL", "INSTALL.vcxproj", "{B405F331-C9F6-35A5-89C4-DD10170CD785}"
	ProjectSection(ProjectDependencies) = postProject
		{8A1E8D5C-B207-3ECD-8867-0F049504C571} = {8A1E8D5C-B207-3ECD-8867-0F049504C571}
		{AFCB1BA0-13D2-3A27-A426-9FECFC07ACA6} = {AFCB1BA0-13D2-3A27-A426-9FECFC07ACA6}
	EndProjectSection
EndProject
Project("{8BC9CEB8-8B4A-11D0-8D11-00A0C91BC942}") = "Nightly", "third_party\ktx\Nightly.vcxproj", "{FF7BD855-7F9C-3FB1-B21A-1C718E18ADA9}"
	ProjectSection(ProjectDependencies) = postProject
		{AFCB1BA0-13D2-3A27-A426-9FECFC07ACA6} = {AFCB1BA0-13D2-3A27-A426-9FECFC07ACA6}
	EndProjectSection
EndProject
Project("{8BC9CEB8-8B4A-11D0-8D11-00A0C91BC942}") = "NightlyMemoryCheck", "third_party\ktx\NightlyMemoryCheck.vcxproj", "{EB5B6556-0EE9-3A5C-8935-712B7705A943}"
	ProjectSection(ProjectDependencies) = postProject
		{AFCB1BA0-13D2-3A27-A426-9FECFC07ACA6} = {AFCB1BA0-13D2-3A27-A426-9FECFC07ACA6}
	EndProjectSection
EndProject
Project("{8BC9CEB8-8B4A-11D0-8D11-00A0C91BC942}") = "PACKAGE", "PACKAGE.vcxproj", "{A320C967-9E12-38EE-9511-F869AD2DD34A}"
	ProjectSection(ProjectDependencies) = postProject
		{8A1E8D5C-B207-3ECD-8867-0F049504C571} = {8A1E8D5C-B207-3ECD-8867-0F049504C571}
		{AFCB1BA0-13D2-3A27-A426-9FECFC07ACA6} = {AFCB1BA0-13D2-3A27-A426-9FECFC07ACA6}
	EndProjectSection
EndProject
Project("{8BC9CEB8-8B4A-11D0-8D11-00A0C91BC942}") = "TracyClient", "third_party\tracy\TracyClient.vcxproj", "{CBC81DB4-84A6-36D3-A87C-C90AF7AC08D9}"
	ProjectSection(ProjectDependencies) = postProject
		{AFCB1BA0-13D2-3A27-A426-9FECFC07ACA6} = {AFCB1BA0-13D2-3A27-A426-9FECFC07ACA6}
	EndProjectSection
EndProject
Project("{8BC9CEB8-8B4A-11D0-8D11-00A0C91BC942}") = "ZERO_CHECK", "ZERO_CHECK.vcxproj", "{AFCB1BA0-13D2-3A27-A426-9FECFC07ACA6}"
	ProjectSection(ProjectDependencies) = postProject
	EndProjectSection
EndProject
Project("{8BC9CEB8-8B4A-11D0-8D11-00A0C91BC942}") = "astcenc-avx2-static", "third_party\ktx\external\astc-encoder\Source\astcenc-avx2-static.vcxproj", "{BE3C9628-41E3-37DB-8D18-526221308D4E}"
	ProjectSection(ProjectDependencies) = postProject
		{AFCB1BA0-13D2-3A27-A426-9FECFC07ACA6} = {AFCB1BA0-13D2-3A27-A426-9FECFC07ACA6}
	EndProjectSection
EndProject
Project("{8BC9CEB8-8B4A-11D0-8D11-00A0C91BC942}") = "fastgltf", "third_party\fastgltf\fastgltf.vcxproj", "{DAC6F74B-DC05-3BBB-B578-2449D91106CD}"
	ProjectSection(ProjectDependencies) = postProject
		{AFCB1BA0-13D2-3A27-A426-9FECFC07ACA6} = {AFCB1BA0-13D2-3A27-A426-9FECFC07ACA6}
	EndProjectSection
EndProject
Project("{8BC9CEB8-8B4A-11D0-8D11-00A0C91BC942}") = "fmt", "third_party\ktx\external\fmt\fmt.vcxproj", "{8774C776-D176-3E68-81AE-26EB25FE5140}"
	ProjectSection(ProjectDependencies) = postProject
		{AFCB1BA0-13D2-3A27-A426-9FECFC07ACA6} = {AFCB1BA0-13D2-3A27-A426-9FECFC07ACA6}
	EndProjectSection
EndProject
Project("{8BC9CEB8-8B4A-11D0-8D11-00A0C91BC942}") = "glfw", "third_party\glfw\src\glfw.vcxproj", "{3ABC464D-DD56-32AF-802C-C0BC90D2C3A6}"
	ProjectSection(ProjectDependencies) = postProject
		{AFCB1BA0-13D2-3A27-A426-9FECFC07ACA6} = {AFCB1BA0-13D2-3A27-A426-9FECFC07ACA6}
	EndProjectSection
EndProject
Project("{8BC9CEB8-8B4A-11D0-8D11-00A0C91BC942}") = "glm", "third_party\glm\glm\glm.vcxproj", "{8AC611A9-DA95-38DC-B232-FAA00B9F388C}"
	ProjectSection(ProjectDependencies) = postProject
		{AFCB1BA0-13D2-3A27-A426-9FECFC07ACA6} = {AFCB1BA0-13D2-3A27-A426-9FECFC07ACA6}
	EndProjectSection
EndProject
Project("{8BC9CEB8-8B4A-11D0-8D11-00A0C91BC942}") = "gtest", "third_party\ktx\tests\gtest\gtest.vcxproj", "{A61DCAF4-FFF0-36F6-A805-A720D3F57CB1}"
	ProjectSection(ProjectDependencies) = postProject
		{AFCB1BA0-13D2-3A27-A426-9FECFC07ACA6} = {AFCB1BA0-13D2-3A27-A426-9FECFC07ACA6}
	EndProjectSection
EndProject
Project("{8BC9CEB8-8B4A-11D0-8D11-00A0C91BC942}") = "imgui", "third_party\imgui\imgui.vcxproj", "{FC73B157-6BD1-3EFA-87AB-072741EF5498}"
	ProjectSection(ProjectDependencies) = postProject
		{AFCB1BA0-13D2-3A27-A426-9FECFC07ACA6} = {AFCB1BA0-13D2-3A27-A426-9FECFC07ACA6}
		{3ABC464D-DD56-32AF-802C-C0BC90D2C3A6} = {3ABC464D-DD56-32AF-802C-C0BC90D2C3A6}
	EndProjectSection
EndProject
Project("{8BC9CEB8-8B4A-11D0-8D11-00A0C91BC942}") = "ktx", "third_party\ktx\ktx.vcxproj", "{8FC0AED8-CEDC-3694-98F4-791569DCD655}"
	ProjectSection(ProjectDependencies) = postProject
		{AFCB1BA0-13D2-3A27-A426-9FECFC07ACA6} = {AFCB1BA0-13D2-3A27-A426-9FECFC07ACA6}
		{BE3C9628-41E3-37DB-8D18-526221308D4E} = {BE3C9628-41E3-37DB-8D18-526221308D4E}
		{86EA2311-1FE5-35DD-B0CD-DF677ED7602D} = {86EA2311-1FE5-35DD-B0CD-DF677ED7602D}
	EndProjectSection
EndProject
Project("{8BC9CEB8-8B4A-11D0-8D11-00A0C91BC942}") = "ktx_read", "third_party\ktx\ktx_read.vcxproj", "{B6BAA8D1-53BE-3E27-B0BA-2DE2202EA393}"
	ProjectSection(ProjectDependencies) = postProject
		{AFCB1BA0-13D2-3A27-A426-9FECFC07ACA6} = {AFCB1BA0-13D2-3A27-A426-9FECFC07ACA6}
		{BE3C9628-41E3-37DB-8D18-526221308D4E} = {BE3C9628-41E3-37DB-8D18-526221308D4E}
	EndProjectSection
EndProject
Project("{8BC9CEB8-8B4A-11D0-8D11-00A0C91BC942}") = "ktx_version", "third_party\ktx\ktx_version.vcxproj", "{86EA2311-1FE5-35DD-B0CD-DF677ED7602D}"
	ProjectSection(ProjectDependencies) = postProject
		{AFCB1BA0-13D2-3A27-A426-9FECFC07ACA6} = {AFCB1BA0-13D2-3A27-A426-9FECFC07ACA6}
	EndProjectSection
EndProject
Project("{8BC9CEB8-8B4A-11D0-8D11-00A0C91BC942}") = "ktxdiff", "third_party\ktx\tests\ktxdiff\ktxdiff.vcxproj", "{75725CD0-F607-39F8-8B1B-EF885FAA5862}"
	ProjectSection(ProjectDependencies) = postProject
		{AFCB1BA0-13D2-3A27-A426-9FECFC07ACA6} = {AFCB1BA0-13D2-3A27-A426-9FECFC07ACA6}
		{BE3C9628-41E3-37DB-8D18-526221308D4E} = {BE3C9628-41E3-37DB-8D18-526221308D4E}
		{8774C776-D176-3E68-81AE-26EB25FE5140} = {8774C776-D176-3E68-81AE-26EB25FE5140}
		{8FC0AED8-CEDC-3694-98F4-791569DCD655} = {8FC0AED8-CEDC-3694-98F4-791569DCD655}
		{521FBB70-5B8C-3A91-8EC0-5651AEC9B96C} = {521FBB70-5B8C-3A91-8EC0-5651AEC9B96C}
	EndProjectSection
EndProject
Project("{8BC9CEB8-8B4A-11D0-8D11-00A0C91BC942}") = "objUtil", "third_party\ktx\objUtil.vcxproj", "{521FBB70-5B8C-3A91-8EC0-5651AEC9B96C}"
	ProjectSection(ProjectDependencies) = postProject
		{AFCB1BA0-13D2-3A27-A426-9FECFC07ACA6} = {AFCB1BA0-13D2-3A27-A426-9FECFC07ACA6}
	EndProjectSection
EndProject
Project("{8BC9CEB8-8B4A-11D0-8D11-00A0C91BC942}") = "obj_basisu_cbind", "third_party\ktx\interface\basisu_c_binding\obj_basisu_cbind.vcxproj", "{AEF90912-7FC5-3FD5-A593-135B33C67BF8}"
	ProjectSection(ProjectDependencies) = postProject
		{AFCB1BA0-13D2-3A27-A426-9FECFC07ACA6} = {AFCB1BA0-13D2-3A27-A426-9FECFC07ACA6}
	EndProjectSection
EndProject
Project("{8BC9CEB8-8B4A-11D0-8D11-00A0C91BC942}") = "obj_tmp_basisu", "third_party\ktx\tests\transcodetests\obj_tmp_basisu.vcxproj", "{4BDAC5C3-8793-36DA-9BCB-4ACE5D622621}"
	ProjectSection(ProjectDependencies) = postProject
		{AFCB1BA0-13D2-3A27-A426-9FECFC07ACA6} = {AFCB1BA0-13D2-3A27-A426-9FECFC07ACA6}
	EndProjectSection
EndProject
Project("{8BC9CEB8-8B4A-11D0-8D11-00A0C91BC942}") = "stb", "third_party\stb\stb.vcxproj", "{B3991F7E-857F-39E1-BD3C-9718F67FFF23}"
	ProjectSection(ProjectDependencies) = postProject
		{AFCB1BA0-13D2-3A27-A426-9FECFC07ACA6} = {AFCB1BA0-13D2-3A27-A426-9FECFC07ACA6}
	EndProjectSection
EndProject
Project("{8BC9CEB8-8B4A-11D0-8D11-00A0C91BC942}") = "streamtests", "third_party\ktx\tests\streamtests\streamtests.vcxproj", "{FAAADFBB-370F-3DE4-BE76-84173061B37D}"
	ProjectSection(ProjectDependencies) = postProject
		{AFCB1BA0-13D2-3A27-A426-9FECFC07ACA6} = {AFCB1BA0-13D2-3A27-A426-9FECFC07ACA6}
		{BE3C9628-41E3-37DB-8D18-526221308D4E} = {BE3C9628-41E3-37DB-8D18-526221308D4E}
		{A61DCAF4-FFF0-36F6-A805-A720D3F57CB1} = {A61DCAF4-FFF0-36F6-A805-A720D3F57CB1}
		{8FC0AED8-CEDC-3694-98F4-791569DCD655} = {8FC0AED8-CEDC-3694-98F4-791569DCD655}
	EndProjectSection
EndProject
Project("{8BC9CEB8-8B4A-11D0-8D11-00A0C91BC942}") = "texturetests", "third_party\ktx\tests\texturetests.vcxproj", "{BE0CE3BB-ED16-3693-9AC9-2B5DD85F56E3}"
	ProjectSection(ProjectDependencies) = postProject
		{AFCB1BA0-13D2-3A27-A426-9FECFC07ACA6} = {AFCB1BA0-13D2-3A27-A426-9FECFC07ACA6}
		{BE3C9628-41E3-37DB-8D18-526221308D4E} = {BE3C9628-41E3-37DB-8D18-526221308D4E}
		{A61DCAF4-FFF0-36F6-A805-A720D3F57CB1} = {A61DCAF4-FFF0-36F6-A805-A720D3F57CB1}
		{8FC0AED8-CEDC-3694-98F4-791569DCD655} = {8FC0AED8-CEDC-3694-98F4-791569DCD655}
	EndProjectSection
EndProject
Project("{8BC9CEB8-8B4A-11D0-8D11-00A0C91BC942}") = "transcodetests", "third_party\ktx\tests\transcodetests\transcodetests.vcxproj", "{44EF7FC1-A9B0-3177-9E87-D7596D0667DD}"
	ProjectSection(ProjectDependencies) = postProject
		{AFCB1BA0-13D2-3A27-A426-9FECFC07ACA6} = {AFCB1BA0-13D2-3A27-A426-9FECFC07ACA6}
		{BE3C9628-41E3-37DB-8D18-526221308D4E} = {BE3C9628-41E3-37DB-8D18-526221308D4E}
		{A61DCAF4-FFF0-36F6-A805-A720D3F57CB1} = {A61DCAF4-FFF0-36F6-A805-A720D3F57CB1}
		{8FC0AED8-CEDC-3694-98F4-791569DCD655} = {8FC0AED8-CEDC-3694-98F4-791569DCD655}
		{AEF90912-7FC5-3FD5-A593-135B33C67BF8} = {AEF90912-7FC5-3FD5-A593-135B33C67BF8}
		{4BDAC5C3-8793-36DA-9BCB-4ACE5D622621} = {4BDAC5C3-8793-36DA-9BCB-4ACE5D622621}
	EndProjectSection
EndProject
Project("{8BC9CEB8-8B4A-11D0-8D11-00A0C91BC942}") = "uninstall", "third_party\glfw\uninstall.vcxproj", "{C27BE01F-AED8-37C3-95FC-657DB343F02A}"
	ProjectSection(ProjectDependencies) = postProject
		{AFCB1BA0-13D2-3A27-A426-9FECFC07ACA6} = {AFCB1BA0-13D2-3A27-A426-9FECFC07ACA6}
	EndProjectSection
EndProject
Project("{8BC9CEB8-8B4A-11D0-8D11-00A0C91BC942}") = "unittests", "third_party\ktx\tests\unittests.vcxproj", "{6CCD6513-FD6C-3CE0-85F5-341A1A165307}"
	ProjectSection(ProjectDependencies) = postProject
		{AFCB1BA0-13D2-3A27-A426-9FECFC07ACA6} = {AFCB1BA0-13D2-3A27-A426-9FECFC07ACA6}
		{BE3C9628-41E3-37DB-8D18-526221308D4E} = {BE3C9628-41E3-37DB-8D18-526221308D4E}
		{8774C776-D176-3E68-81AE-26EB25FE5140} = {8774C776-D176-3E68-81AE-26EB25FE5140}
		{A61DCAF4-FFF0-36F6-A805-A720D3F57CB1} = {A61DCAF4-FFF0-36F6-A805-A720D3F57CB1}
		{8FC0AED8-CEDC-3694-98F4-791569DCD655} = {8FC0AED8-CEDC-3694-98F4-791569DCD655}
	EndProjectSection
EndProject
Project("{8BC9CEB8-8B4A-11D0-8D11-00A0C91BC942}") = "update_mappings", "third_party\glfw\src\update_mappings.vcxproj", "{F4A6DE53-11D8-3EAC-8A62-3B3E9875D01F}"
	ProjectSection(ProjectDependencies) = postProject
		{AFCB1BA0-13D2-3A27-A426-9FECFC07ACA6} = {AFCB1BA0-13D2-3A27-A426-9FECFC07ACA6}
	EndProjectSection
EndProject
Project("{8BC9CEB8-8B4A-11D0-8D11-00A0C91BC942}") = "vk-bootstrap", "third_party\vk-bootstrap\vk-bootstrap.vcxproj", "{CA9A8600-7D6D-3FC8-ACEF-3EB9EDB4B371}"
	ProjectSection(ProjectDependencies) = postProject
		{AFCB1BA0-13D2-3A27-A426-9FECFC07ACA6} = {AFCB1BA0-13D2-3A27-A426-9FECFC07ACA6}
	EndProjectSection
EndProject
Global
	GlobalSection(SolutionConfigurationPlatforms) = preSolution
		Debug|x64 = Debug|x64
		Release|x64 = Release|x64
		MinSizeRel|x64 = MinSizeRel|x64
		RelWithDebInfo|x64 = RelWithDebInfo|x64
	EndGlobalSection
	GlobalSection(ProjectConfigurationPlatforms) = postSolution
		{8A1E8D5C-B207-3ECD-8867-0F049504C571}.Debug|x64.ActiveCfg = Debug|x64
		{8A1E8D5C-B207-3ECD-8867-0F049504C571}.Debug|x64.Build.0 = Debug|x64
		{8A1E8D5C-B207-3ECD-8867-0F049504C571}.Release|x64.ActiveCfg = Release|x64
		{8A1E8D5C-B207-3ECD-8867-0F049504C571}.Release|x64.Build.0 = Release|x64
		{8A1E8D5C-B207-3ECD-8867-0F049504C571}.MinSizeRel|x64.ActiveCfg = MinSizeRel|x64
		{8A1E8D5C-B207-3ECD-8867-0F049504C571}.MinSizeRel|x64.Build.0 = MinSizeRel|x64
		{8A1E8D5C-B207-3ECD-8867-0F049504C571}.RelWithDebInfo|x64.ActiveCfg = RelWithDebInfo|x64
		{8A1E8D5C-B207-3ECD-8867-0F049504C571}.RelWithDebInfo|x64.Build.0 = RelWithDebInfo|x64
		{8C875300-5B6F-3C29-9A80-D8EF8CA1E3F1}.Debug|x64.ActiveCfg = Debug|x64
		{8C875300-5B6F-3C29-9A80-D8EF8CA1E3F1}.Debug|x64.Build.0 = Debug|x64
		{8C875300-5B6F-3C29-9A80-D8EF8CA1E3F1}.Release|x64.ActiveCfg = Release|x64
		{8C875300-5B6F-3C29-9A80-D8EF8CA1E3F1}.Release|x64.Build.0 = Release|x64
		{8C875300-5B6F-3C29-9A80-D8EF8CA1E3F1}.MinSizeRel|x64.ActiveCfg = MinSizeRel|x64
		{8C875300-5B6F-3C29-9A80-D8EF8CA1E3F1}.MinSizeRel|x64.Build.0 = MinSizeRel|x64
		{8C875300-5B6F-3C29-9A80-D8EF8CA1E3F1}.RelWithDebInfo|x64.ActiveCfg = RelWithDebInfo|x64
		{8C875300-5B6F-3C29-9A80-D8EF8CA1E3F1}.RelWithDebInfo|x64.Build.0 = RelWithDebInfo|x64
		{B0FDD2B0-FF19-3599-AA9C-EF53E7B0695E}.Debug|x64.ActiveCfg = Debug|x64
		{B0FDD2B0-FF19-3599-AA9C-EF53E7B0695E}.Release|x64.ActiveCfg = Release|x64
		{B0FDD2B0-FF19-3599-AA9C-EF53E7B0695E}.MinSizeRel|x64.ActiveCfg = MinSizeRel|x64
		{B0FDD2B0-FF19-3599-AA9C-EF53E7B0695E}.RelWithDebInfo|x64.ActiveCfg = RelWithDebInfo|x64
		{AFB4463B-9056-3EA6-AB73-6F46E1EDE616}.Debug|x64.ActiveCfg = Debug|x64
		{AFB4463B-9056-3EA6-AB73-6F46E1EDE616}.Release|x64.ActiveCfg = Release|x64
		{AFB4463B-9056-3EA6-AB73-6F46E1EDE616}.MinSizeRel|x64.ActiveCfg = MinSizeRel|x64
		{AFB4463B-9056-3EA6-AB73-6F46E1EDE616}.RelWithDebInfo|x64.ActiveCfg = RelWithDebInfo|x64
		{B405F331-C9F6-35A5-89C4-DD10170CD785}.Debug|x64.ActiveCfg = Debug|x64
		{B405F331-C9F6-35A5-89C4-DD10170CD785}.Release|x64.ActiveCfg = Release|x64
		{B405F331-C9F6-35A5-89C4-DD10170CD785}.MinSizeRel|x64.ActiveCfg = MinSizeRel|x64
		{B405F331-C9F6-35A5-89C4-DD10170CD785}.RelWithDebInfo|x64.ActiveCfg = RelWithDebInfo|x64
		{FF7BD855-7F9C-3FB1-B21A-1C718E18ADA9}.Debug|x64.ActiveCfg = Debug|x64
		{FF7BD855-7F9C-3FB1-B21A-1C718E18ADA9}.Release|x64.ActiveCfg = Release|x64
		{FF7BD855-7F9C-3FB1-B21A-1C718E18ADA9}.MinSizeRel|x64.ActiveCfg = MinSizeRel|x64
		{FF7BD855-7F9C-3FB1-B21A-1C718E18ADA9}.RelWithDebInfo|x64.ActiveCfg = RelWithDebInfo|x64
		{EB5B6556-0EE9-3A5C-8935-712B7705A943}.Debug|x64.ActiveCfg = Debug|x64
		{EB5B6556-0EE9-3A5C-8935-712B7705A943}.Release|x64.ActiveCfg = Release|x64
		{EB5B6556-0EE9-3A5C-8935-712B7705A943}.MinSizeRel|x64.ActiveCfg = MinSizeRel|x64
		{EB5B6556-0EE9-3A5C-8935-712B7705A943}.RelWithDebInfo|x64.ActiveCfg = RelWithDebInfo|x64
		{A320C967-9E12-38EE-9511-F869AD2DD34A}.Debug|x64.ActiveCfg = Debug|x64
		{A320C967-9E12-38EE-9511-F869AD2DD34A}.Release|x64.ActiveCfg = Release|x64
		{A320C967-9E12-38EE-9511-F869AD2DD34A}.MinSizeRel|x64.ActiveCfg = MinSizeRel|x64
		{A320C967-9E12-38EE-9511-F869AD2DD34A}.RelWithDebInfo|x64.ActiveCfg = RelWithDebInfo|x64
		{CBC81DB4-84A6-36D3-A87C-C90AF7AC08D9}.Debug|x64.ActiveCfg = Debug|x64
		{CBC81DB4-84A6-36D3-A87C-C90AF7AC08D9}.Debug|x64.Build.0 = Debug|x64
		{CBC81DB4-84A6-36D3-A87C-C90AF7AC08D9}.Release|x64.ActiveCfg = Release|x64
		{CBC81DB4-84A6-36D3-A87C-C90AF7AC08D9}.Release|x64.Build.0 = Release|x64
		{CBC81DB4-84A6-36D3-A87C-C90AF7AC08D9}.MinSizeRel|x64.ActiveCfg = MinSizeRel|x64
		{CBC81DB4-84A6-36D3-A87C-C90AF7AC08D9}.MinSizeRel|x64.Build.0 = MinSizeRel|x64
		{CBC81DB4-84A6-36D3-A87C-C90AF7AC08D9}.RelWithDebInfo|x64.ActiveCfg = RelWithDebInfo|x64
		{CBC81DB4-84A6-36D3-A87C-C90AF7AC08D9}.RelWithDebInfo|x64.Build.0 = RelWithDebInfo|x64
		{AFCB1BA0-13D2-3A27-A426-9FECFC07ACA6}.Debug|x64.ActiveCfg = Debug|x64
		{AFCB1BA0-13D2-3A27-A426-9FECFC07ACA6}.Debug|x64.Build.0 = Debug|x64
		{AFCB1BA0-13D2-3A27-A426-9FECFC07ACA6}.Release|x64.ActiveCfg = Release|x64
		{AFCB1BA0-13D2-3A27-A426-9FECFC07ACA6}.Release|x64.Build.0 = Release|x64
		{AFCB1BA0-13D2-3A27-A426-9FECFC07ACA6}.MinSizeRel|x64.ActiveCfg = MinSizeRel|x64
		{AFCB1BA0-13D2-3A27-A426-9FECFC07ACA6}.MinSizeRel|x64.Build.0 = MinSizeRel|x64
		{AFCB1BA0-13D2-3A27-A426-9FECFC07ACA6}.RelWithDebInfo|x64.ActiveCfg = RelWithDebInfo|x64
		{AFCB1BA0-13D2-3A27-A426-9FECFC07ACA6}.RelWithDebInfo|x64.Build.0 = RelWithDebInfo|x64
		{BE3C9628-41E3-37DB-8D18-526221308D4E}.Debug|x64.ActiveCfg = Debug|x64
		{BE3C9628-41E3-37DB-8D18-526221308D4E}.Debug|x64.Build.0 = Debug|x64
		{BE3C9628-41E3-37DB-8D18-526221308D4E}.Release|x64.ActiveCfg = Release|x64
		{BE3C9628-41E3-37DB-8D18-526221308D4E}.Release|x64.Build.0 = Release|x64
		{BE3C9628-41E3-37DB-8D18-526221308D4E}.MinSizeRel|x64.ActiveCfg = MinSizeRel|x64
		{BE3C9628-41E3-37DB-8D18-526221308D4E}.MinSizeRel|x64.Build.0 = MinSizeRel|x64
		{BE3C9628-41E3-37DB-8D18-526221308D4E}.RelWithDebInfo|x64.ActiveCfg = RelWithDebInfo|x64
		{BE3C9628-41E3-37DB-8D18-526221308D4E}.RelWithDebInfo|x64.Build.0 = RelWithDebInfo|x64
		{DAC6F74B-DC05-3BBB-B578-2449D91106CD}.Debug|x64.ActiveCfg = Debug|x64
		{DAC6F74B-DC05-3BBB-B578-2449D91106CD}.Debug|x64.Build.0 = Debug|x64
		{DAC6F74B-DC05-3BBB-B578-2449D91106CD}.Release|x64.ActiveCfg = Release|x64
		{DAC6F74B-DC05-3BBB-B578-2449D91106CD}.Release|x64.Build.0 = Release|x64
		{DAC6F74B-DC05-3BBB-B578-2449D91106CD}.MinSizeRel|x64.ActiveCfg = MinSizeRel|x64
		{DAC6F74B-DC05-3BBB-B578-2449D91106CD}.MinSizeRel|x64.Build.0 = MinSizeRel|x64
		{DAC6F74B-DC05-3BBB-B578-2449D91106CD}.RelWithDebInfo|x64.ActiveCfg = RelWithDebInfo|x64
		{DAC6F74B-DC05-3BBB-B578-2449D91106CD}.RelWithDebInfo|x64.Build.0 = RelWithDebInfo|x64
		{8774C776-D176-3E68-81AE-26EB25FE5140}.Debug|x64.ActiveCfg = Debug|x64
		{8774C776-D176-3E68-81AE-26EB25FE5140}.Debug|x64.Build.0 = Debug|x64
		{8774C776-D176-3E68-81AE-26EB25FE5140}.Release|x64.ActiveCfg = Release|x64
		{8774C776-D176-3E68-81AE-26EB25FE5140}.Release|x64.Build.0 = Release|x64
		{8774C776-D176-3E68-81AE-26EB25FE5140}.MinSizeRel|x64.ActiveCfg = MinSizeRel|x64
		{8774C776-D176-3E68-81AE-26EB25FE5140}.MinSizeRel|x64.Build.0 = MinSizeRel|x64
		{8774C776-D176-3E68-81AE-26EB25FE5140}.RelWithDebInfo|x64.ActiveCfg = RelWithDebInfo|x64
		{8774C776-D176-3E68-81AE-26EB25FE5140}.RelWithDebInfo|x64.Build.0 = RelWithDebInfo|x64
		{3ABC464D-DD56-32AF-802C-C0BC90D2C3A6}.Debug|x64.ActiveCfg = Debug|x64
		{3ABC464D-DD56-32AF-802C-C0BC90D2C3A6}.Debug|x64.Build.0 = Debug|x64
		{3ABC464D-DD56-32AF-802C-C0BC90D2C3A6}.Release|x64.ActiveCfg = Release|x64
		{3ABC464D-DD56-32AF-802C-C0BC90D2C3A6}.Release|x64.Build.0 = Release|x64
		{3ABC464D-DD56-32AF-802C-C0BC90D2C3A6}.MinSizeRel|x64.ActiveCfg = MinSizeRel|x64
		{3ABC464D-DD56-32AF-802C-C0BC90D2C3A6}.MinSizeRel|x64.Build.0 = MinSizeRel|x64
		{3ABC464D-DD56-32AF-802C-C0BC90D2C3A6}.RelWithDebInfo|x64.ActiveCfg = RelWithDebInfo|x64
		{3ABC464D-DD56-32AF-802C-C0BC90D2C3A6}.RelWithDebInfo|x64.Build.0 = RelWithDebInfo|x64
		{8AC611A9-DA95-38DC-B232-FAA00B9F388C}.Debug|x64.ActiveCfg = Debug|x64
		{8AC611A9-DA95-38DC-B232-FAA00B9F388C}.Debug|x64.Build.0 = Debug|x64
		{8AC611A9-DA95-38DC-B232-FAA00B9F388C}.Release|x64.ActiveCfg = Release|x64
		{8AC611A9-DA95-38DC-B232-FAA00B9F388C}.Release|x64.Build.0 = Release|x64
		{8AC611A9-DA95-38DC-B232-FAA00B9F388C}.MinSizeRel|x64.ActiveCfg = MinSizeRel|x64
		{8AC611A9-DA95-38DC-B232-FAA00B9F388C}.MinSizeRel|x64.Build.0 = MinSizeRel|x64
		{8AC611A9-DA95-38DC-B232-FAA00B9F388C}.RelWithDebInfo|x64.ActiveCfg = RelWithDebInfo|x64
		{8AC611A9-DA95-38DC-B232-FAA00B9F388C}.RelWithDebInfo|x64.Build.0 = RelWithDebInfo|x64
		{A61DCAF4-FFF0-36F6-A805-A720D3F57CB1}.Debug|x64.ActiveCfg = Debug|x64
		{A61DCAF4-FFF0-36F6-A805-A720D3F57CB1}.Debug|x64.Build.0 = Debug|x64
		{A61DCAF4-FFF0-36F6-A805-A720D3F57CB1}.Release|x64.ActiveCfg = Release|x64
		{A61DCAF4-FFF0-36F6-A805-A720D3F57CB1}.Release|x64.Build.0 = Release|x64
		{A61DCAF4-FFF0-36F6-A805-A720D3F57CB1}.MinSizeRel|x64.ActiveCfg = MinSizeRel|x64
		{A61DCAF4-FFF0-36F6-A805-A720D3F57CB1}.MinSizeRel|x64.Build.0 = MinSizeRel|x64
		{A61DCAF4-FFF0-36F6-A805-A720D3F57CB1}.RelWithDebInfo|x64.ActiveCfg = RelWithDebInfo|x64
		{A61DCAF4-FFF0-36F6-A805-A720D3F57CB1}.RelWithDebInfo|x64.Build.0 = RelWithDebInfo|x64
		{FC73B157-6BD1-3EFA-87AB-072741EF5498}.Debug|x64.ActiveCfg = Debug|x64
		{FC73B157-6BD1-3EFA-87AB-072741EF5498}.Debug|x64.Build.0 = Debug|x64
		{FC73B157-6BD1-3EFA-87AB-072741EF5498}.Release|x64.ActiveCfg = Release|x64
		{FC73B157-6BD1-3EFA-87AB-072741EF5498}.Release|x64.Build.0 = Release|x64
		{FC73B157-6BD1-3EFA-87AB-072741EF5498}.MinSizeRel|x64.ActiveCfg = MinSizeRel|x64
		{FC73B157-6BD1-3EFA-87AB-072741EF5498}.MinSizeRel|x64.Build.0 = MinSizeRel|x64
		{FC73B157-6BD1-3EFA-87AB-072741EF5498}.RelWithDebInfo|x64.ActiveCfg = RelWithDebInfo|x64
		{FC73B157-6BD1-3EFA-87AB-072741EF5498}.RelWithDebInfo|x64.Build.0 = RelWithDebInfo|x64
		{8FC0AED8-CEDC-3694-98F4-791569DCD655}.Debug|x64.ActiveCfg = Debug|x64
		{8FC0AED8-CEDC-3694-98F4-791569DCD655}.Debug|x64.Build.0 = Debug|x64
		{8FC0AED8-CEDC-3694-98F4-791569DCD655}.Release|x64.ActiveCfg = Release|x64
		{8FC0AED8-CEDC-3694-98F4-791569DCD655}.Release|x64.Build.0 = Release|x64
		{8FC0AED8-CEDC-3694-98F4-791569DCD655}.MinSizeRel|x64.ActiveCfg = MinSizeRel|x64
		{8FC0AED8-CEDC-3694-98F4-791569DCD655}.MinSizeRel|x64.Build.0 = MinSizeRel|x64
		{8FC0AED8-CEDC-3694-98F4-791569DCD655}.RelWithDebInfo|x64.ActiveCfg = RelWithDebInfo|x64
		{8FC0AED8-CEDC-3694-98F4-791569DCD655}.RelWithDebInfo|x64.Build.0 = RelWithDebInfo|x64
		{B6BAA8D1-53BE-3E27-B0BA-2DE2202EA393}.Debug|x64.ActiveCfg = Debug|x64
		{B6BAA8D1-53BE-3E27-B0BA-2DE2202EA393}.Debug|x64.Build.0 = Debug|x64
		{B6BAA8D1-53BE-3E27-B0BA-2DE2202EA393}.Release|x64.ActiveCfg = Release|x64
		{B6BAA8D1-53BE-3E27-B0BA-2DE2202EA393}.Release|x64.Build.0 = Release|x64
		{B6BAA8D1-53BE-3E27-B0BA-2DE2202EA393}.MinSizeRel|x64.ActiveCfg = MinSizeRel|x64
		{B6BAA8D1-53BE-3E27-B0BA-2DE2202EA393}.MinSizeRel|x64.Build.0 = MinSizeRel|x64
		{B6BAA8D1-53BE-3E27-B0BA-2DE2202EA393}.RelWithDebInfo|x64.ActiveCfg = RelWithDebInfo|x64
		{B6BAA8D1-53BE-3E27-B0BA-2DE2202EA393}.RelWithDebInfo|x64.Build.0 = RelWithDebInfo|x64
		{86EA2311-1FE5-35DD-B0CD-DF677ED7602D}.Debug|x64.ActiveCfg = Debug|x64
		{86EA2311-1FE5-35DD-B0CD-DF677ED7602D}.Debug|x64.Build.0 = Debug|x64
		{86EA2311-1FE5-35DD-B0CD-DF677ED7602D}.Release|x64.ActiveCfg = Release|x64
		{86EA2311-1FE5-35DD-B0CD-DF677ED7602D}.Release|x64.Build.0 = Release|x64
		{86EA2311-1FE5-35DD-B0CD-DF677ED7602D}.MinSizeRel|x64.ActiveCfg = MinSizeRel|x64
		{86EA2311-1FE5-35DD-B0CD-DF677ED7602D}.MinSizeRel|x64.Build.0 = MinSizeRel|x64
		{86EA2311-1FE5-35DD-B0CD-DF677ED7602D}.RelWithDebInfo|x64.ActiveCfg = RelWithDebInfo|x64
		{86EA2311-1FE5-35DD-B0CD-DF677ED7602D}.RelWithDebInfo|x64.Build.0 = RelWithDebInfo|x64
		{75725CD0-F607-39F8-8B1B-EF885FAA5862}.Debug|x64.ActiveCfg = Debug|x64
		{75725CD0-F607-39F8-8B1B-EF885FAA5862}.Debug|x64.Build.0 = Debug|x64
		{75725CD0-F607-39F8-8B1B-EF885FAA5862}.Release|x64.ActiveCfg = Release|x64
		{75725CD0-F607-39F8-8B1B-EF885FAA5862}.Release|x64.Build.0 = Release|x64
		{75725CD0-F607-39F8-8B1B-EF885FAA5862}.MinSizeRel|x64.ActiveCfg = MinSizeRel|x64
		{75725CD0-F607-39F8-8B1B-EF885FAA5862}.MinSizeRel|x64.Build.0 = MinSizeRel|x64
		{75725CD0-F607-39F8-8B1B-EF885FAA5862}.RelWithDebInfo|x64.ActiveCfg = RelWithDebInfo|x64
		{75725CD0-F607-39F8-8B1B-EF885FAA5862}.RelWithDebInfo|x64.Build.0 = RelWithDebInfo|x64
		{521FBB70-5B8C-3A91-8EC0-5651AEC9B96C}.Debug|x64.ActiveCfg = Debug|x64
		{521FBB70-5B8C-3A91-8EC0-5651AEC9B96C}.Debug|x64.Build.0 = Debug|x64
		{521FBB70-5B8C-3A91-8EC0-5651AEC9B96C}.Release|x64.ActiveCfg = Release|x64
		{521FBB70-5B8C-3A91-8EC0-5651AEC9B96C}.Release|x64.Build.0 = Release|x64
		{521FBB70-5B8C-3A91-8EC0-5651AEC9B96C}.MinSizeRel|x64.ActiveCfg = MinSizeRel|x64
		{521FBB70-5B8C-3A91-8EC0-5651AEC9B96C}.MinSizeRel|x64.Build.0 = MinSizeRel|x64
		{521FBB70-5B8C-3A91-8EC0-5651AEC9B96C}.RelWithDebInfo|x64.ActiveCfg = RelWithDebInfo|x64
		{521FBB70-5B8C-3A91-8EC0-5651AEC9B96C}.RelWithDebInfo|x64.Build.0 = RelWithDebInfo|x64
		{AEF90912-7FC5-3FD5-A593-135B33C67BF8}.Debug|x64.ActiveCfg = Debug|x64
		{AEF90912-7FC5-3FD5-A593-135B33C67BF8}.Debug|x64.Build.0 = Debug|x64
		{AEF90912-7FC5-3FD5-A593-135B33C67BF8}.Release|x64.ActiveCfg = Release|x64
		{AEF90912-7FC5-3FD5-A593-135B33C67BF8}.Release|x64.Build.0 = Release|x64
		{AEF90912-7FC5-3FD5-A593-135B33C67BF8}.MinSizeRel|x64.ActiveCfg = MinSizeRel|x64
		{AEF90912-7FC5-3FD5-A593-135B33C67BF8}.MinSizeRel|x64.Build.0 = MinSizeRel|x64
		{AEF90912-7FC5-3FD5-A593-135B33C67BF8}.RelWithDebInfo|x64.ActiveCfg = RelWithDebInfo|x64
		{AEF90912-7FC5-3FD5-A593-135B33C67BF8}.RelWithDebInfo|x64.Build.0 = RelWithDebInfo|x64
		{4BDAC5C3-8793-36DA-9BCB-4ACE5D622621}.Debug|x64.ActiveCfg = Debug|x64
		{4BDAC5C3-8793-36DA-9BCB-4ACE5D622621}.Debug|x64.Build.0 = Debug|x64
		{4BDAC5C3-8793-36DA-9BCB-4ACE5D622621}.Release|x64.ActiveCfg = Release|x64
		{4BDAC5C3-8793-36DA-9BCB-4ACE5D622621}.Release|x64.Build.0 = Release|x64
		{4BDAC5C3-8793-36DA-9BCB-4ACE5D622621}.MinSizeRel|x64.ActiveCfg = MinSizeRel|x64
		{4BDAC5C3-8793-36DA-9BCB-4ACE5D622621}.MinSizeRel|x64.Build.0 = MinSizeRel|x64
		{4BDAC5C3-8793-36DA-9BCB-4ACE5D622621}.RelWithDebInfo|x64.ActiveCfg = RelWithDebInfo|x64
		{4BDAC5C3-8793-36DA-9BCB-4ACE5D622621}.RelWithDebInfo|x64.Build.0 = RelWithDebInfo|x64
		{B3991F7E-857F-39E1-BD3C-9718F67FFF23}.Debug|x64.ActiveCfg = Debug|x64
		{B3991F7E-857F-39E1-BD3C-9718F67FFF23}.Debug|x64.Build.0 = Debug|x64
		{B3991F7E-857F-39E1-BD3C-9718F67FFF23}.Release|x64.ActiveCfg = Release|x64
		{B3991F7E-857F-39E1-BD3C-9718F67FFF23}.Release|x64.Build.0 = Release|x64
		{B3991F7E-857F-39E1-BD3C-9718F67FFF23}.MinSizeRel|x64.ActiveCfg = MinSizeRel|x64
		{B3991F7E-857F-39E1-BD3C-9718F67FFF23}.MinSizeRel|x64.Build.0 = MinSizeRel|x64
		{B3991F7E-857F-39E1-BD3C-9718F67FFF23}.RelWithDebInfo|x64.ActiveCfg = RelWithDebInfo|x64
		{B3991F7E-857F-39E1-BD3C-9718F67FFF23}.RelWithDebInfo|x64.Build.0 = RelWithDebInfo|x64
		{FAAADFBB-370F-3DE4-BE76-84173061B37D}.Debug|x64.ActiveCfg = Debug|x64
		{FAAADFBB-370F-3DE4-BE76-84173061B37D}.Debug|x64.Build.0 = Debug|x64
		{FAAADFBB-370F-3DE4-BE76-84173061B37D}.Release|x64.ActiveCfg = Release|x64
		{FAAADFBB-370F-3DE4-BE76-84173061B37D}.Release|x64.Build.0 = Release|x64
		{FAAADFBB-370F-3DE4-BE76-84173061B37D}.MinSizeRel|x64.ActiveCfg = MinSizeRel|x64
		{FAAADFBB-370F-3DE4-BE76-84173061B37D}.MinSizeRel|x64.Build.0 = MinSizeRel|x64
		{FAAADFBB-370F-3DE4-BE76-84173061B37D}.RelWithDebInfo|x64.ActiveCfg = RelWithDebInfo|x64
		{FAAADFBB-370F-3DE4-BE76-84173061B37D}.RelWithDebInfo|x64.Build.0 = RelWithDebInfo|x64
		{BE0CE3BB-ED16-3693-9AC9-2B5DD85F56E3}.Debug|x64.ActiveCfg = Debug|x64
		{BE0CE3BB-ED16-3693-9AC9-2B5DD85F56E3}.Debug|x64.Build.0 = Debug|x64
		{BE0CE3BB-ED16-3693-9AC9-2B5DD85F56E3}.Release|x64.ActiveCfg = Release|x64
		{BE0CE3BB-ED16-3693-9AC9-2B5DD85F56E3}.Release|x64.Build.0 = Release|x64
		{BE0CE3BB-ED16-3693-9AC9-2B5DD85F56E3}.MinSizeRel|x64.ActiveCfg = MinSizeRel|x64
		{BE0CE3BB-ED16-3693-9AC9-2B5DD85F56E3}.MinSizeRel|x64.Build.0 = MinSizeRel|x64
		{BE0CE3BB-ED16-3693-9AC9-2B5DD85F56E3}.RelWithDebInfo|x64.ActiveCfg = RelWithDebInfo|x64
		{BE0CE3BB-ED16-3693-9AC9-2B5DD85F56E3}.RelWithDebInfo|x64.Build.0 = RelWithDebInfo|x64
		{44EF7FC1-A9B0-3177-9E87-D7596D0667DD}.Debug|x64.ActiveCfg = Debug|x64
		{44EF7FC1-A9B0-3177-9E87-D7596D0667DD}.Debug|x64.Build.0 = Debug|x64
		{44EF7FC1-A9B0-3177-9E87-D7596D0667DD}.Release|x64.ActiveCfg = Release|x64
		{44EF7FC1-A9B0-3177-9E87-D7596D0667DD}.Release|x64.Build.0 = Release|x64
		{44EF7FC1-A9B0-3177-9E87-D7596D0667DD}.MinSizeRel|x64.ActiveCfg = MinSizeRel|x64
		{44EF7FC1-A9B0-3177-9E87-D7596D0667DD}.MinSizeRel|x64.Build.0 = MinSizeRel|x64
		{44EF7FC1-A9B0-3177-9E87-D7596D0667DD}.RelWithDebInfo|x64.ActiveCfg = RelWithDebInfo|x64
		{44EF7FC1-A9B0-3177-9E87-D7596D0667DD}.RelWithDebInfo|x64.Build.0 = RelWithDebInfo|x64
		{C27BE01F-AED8-37C3-95FC-657DB343F02A}.Debug|x64.ActiveCfg = Debug|x64
		{C27BE01F-AED8-37C3-95FC-657DB343F02A}.Release|x64.ActiveCfg = Release|x64
		{C27BE01F-AED8-37C3-95FC-657DB343F02A}.MinSizeRel|x64.ActiveCfg = MinSizeRel|x64
		{C27BE01F-AED8-37C3-95FC-657DB343F02A}.RelWithDebInfo|x64.ActiveCfg = RelWithDebInfo|x64
		{6CCD6513-FD6C-3CE0-85F5-341A1A165307}.Debug|x64.ActiveCfg = Debug|x64
		{6CCD6513-FD6C-3CE0-85F5-341A1A165307}.Debug|x64.Build.0 = Debug|x64
		{6CCD6513-FD6C-3CE0-85F5-341A1A165307}.Release|x64.ActiveCfg = Release|x64
		{6CCD6513-FD6C-3CE0-85F5-341A1A165307}.Release|x64.Build.0 = Release|x64
		{6CCD6513-FD6C-3CE0-85F5-341A1A165307}.MinSizeRel|x64.ActiveCfg = MinSizeRel|x64
		{6CCD6513-FD6C-3CE0-85F5-341A1A165307}.MinSizeRel|x64.Build.0 = MinSizeRel|x64
		{6CCD6513-FD6C-3CE0-85F5-341A1A165307}.RelWithDebInfo|x64.ActiveCfg = RelWithDebInfo|x64
		{6CCD6513-FD6C-3CE0-85F5-341A1A165307}.RelWithDebInfo|x64.Build.0 = RelWithDebInfo|x64
		{F4A6DE53-11D8-3EAC-8A62-3B3E9875D01F}.Debug|x64.ActiveCfg = Debug|x64
		{F4A6DE53-11D8-3EAC-8A62-3B3E9875D01F}.Release|x64.ActiveCfg = Release|x64
		{F4A6DE53-11D8-3EAC-8A62-3B3E9875D01F}.MinSizeRel|x64.ActiveCfg = MinSizeRel|x64
		{F4A6DE53-11D8-3EAC-8A62-3B3E9875D01F}.RelWithDebInfo|x64.ActiveCfg = RelWithDebInfo|x64
		{CA9A8600-7D6D-3FC8-ACEF-3EB9EDB4B371}.Debug|x64.ActiveCfg = Debug|x64
		{CA9A8600-7D6D-3FC8-ACEF-3EB9EDB4B371}.Debug|x64.Build.0 = Debug|x64
		{CA9A8600-7D6D-3FC8-ACEF-3EB9EDB4B371}.Release|x64.ActiveCfg = Release|x64
		{CA9A8600-7D6D-3FC8-ACEF-3EB9EDB4B371}.Release|x64.Build.0 = Release|x64
		{CA9A8600-7D6D-3FC8-ACEF-3EB9EDB4B371}.MinSizeRel|x64.ActiveCfg = MinSizeRel|x64
		{CA9A8600-7D6D-3FC8-ACEF-3EB9EDB4B371}.MinSizeRel|x64.Build.0 = MinSizeRel|x64
		{CA9A8600-7D6D-3FC8-ACEF-3EB9EDB4B371}.RelWithDebInfo|x64.ActiveCfg = RelWithDebInfo|x64
		{CA9A8600-7D6D-3FC8-ACEF-3EB9EDB4B371}.RelWithDebInfo|x64.Build.0 = RelWithDebInfo|x64
	EndGlobalSection
	GlobalSection(NestedProjects) = preSolution
		{8A1E8D5C-B207-3ECD-8867-0F049504C571} = {BB61B958-14A3-3E56-B311-BC6454E32C61}
		{B405F331-C9F6-35A5-89C4-DD10170CD785} = {BB61B958-14A3-3E56-B311-BC6454E32C61}
		{A320C967-9E12-38EE-9511-F869AD2DD34A} = {BB61B958-14A3-3E56-B311-BC6454E32C61}
		{AFCB1BA0-13D2-3A27-A426-9FECFC07ACA6} = {BB61B958-14A3-3E56-B311-BC6454E32C61}
		{B0FDD2B0-FF19-3599-AA9C-EF53E7B0695E} = {0F29EE4B-3C1D-3573-B237-9C6F05B7B311}
		{AFB4463B-9056-3EA6-AB73-6F46E1EDE616} = {0F29EE4B-3C1D-3573-B237-9C6F05B7B311}
		{FF7BD855-7F9C-3FB1-B21A-1C718E18ADA9} = {0F29EE4B-3C1D-3573-B237-9C6F05B7B311}
		{EB5B6556-0EE9-3A5C-8935-712B7705A943} = {0F29EE4B-3C1D-3573-B237-9C6F05B7B311}
		{3ABC464D-DD56-32AF-802C-C0BC90D2C3A6} = {958FA05D-16FB-3F5A-9621-87CFB5A34EA6}
		{C27BE01F-AED8-37C3-95FC-657DB343F02A} = {958FA05D-16FB-3F5A-9621-87CFB5A34EA6}
		{F4A6DE53-11D8-3EAC-8A62-3B3E9875D01F} = {958FA05D-16FB-3F5A-9621-87CFB5A34EA6}
	EndGlobalSection
	GlobalSection(ExtensibilityGlobals) = postSolution
		SolutionGuid = {4BAB1E01-F8E3-323A-A5C2-8E3311B8011E}
	EndGlobalSection
	GlobalSection(ExtensibilityAddIns) = postSolution
	EndGlobalSection
EndGlobal
